
Microsoft Visual Studio Solution File, Format Version 12.00
# Visual Studio Version 16
VisualStudioVersion = 16.0.32002.261
MinimumVisualStudioVersion = 10.0.40219.1
Project("{8BC9CEB8-8B4A-11D0-8D11-00A0C91BC942}") = "mobility", "project\addons\mobility\mobility.vcxproj.vcxproj", "{0ED9069D-C32D-4486-A5DC-05A00A27EDCF}"
EndProject
Project("{8BC9CEB8-8B4A-11D0-8D11-00A0C91BC942}") = "debug_event_recorder", "project\addons\debug_event_recorder\debug_event_recorder.vcxproj", "{F84D9665-8501-43F3-B23A-92805EC92AA7}"
EndProject
Global
	GlobalSection(SolutionConfigurationPlatforms) = preSolution
		Debug|x64 = Debug|x64
		Debug|x86 = Debug|x86
		Release|x64 = Release|x64
		Release|x86 = Release|x86
	EndGlobalSection
	GlobalSection(ProjectConfigurationPlatforms) = postSolution
		{0ED9069D-C32D-4486-A5DC-05A00A27EDCF}.Debug|x64.ActiveCfg = Debug|x64
		{0ED9069D-C32D-4486-A5DC-05A00A27EDCF}.Debug|x64.Build.0 = Debug|x64
		{0ED9069D-C32D-4486-A5DC-05A00A27EDCF}.Debug|x86.ActiveCfg = Debug|Win32
		{0ED9069D-C32D-4486-A5DC-05A00A27EDCF}.Debug|x86.Build.0 = Debug|Win32
		{0ED9069D-C32D-4486-A5DC-05A00A27EDCF}.Release|x64.ActiveCfg = Release|x64
		{0ED9069D-C32D-4486-A5DC-05A00A27EDCF}.Release|x64.Build.0 = Release|x64
		{0ED9069D-C32D-4486-A5DC-05A00A27EDCF}.Release|x86.ActiveCfg = Release|Win32
		{0ED9069D-C32D-4486-A5DC-05A00A27EDCF}.Release|x86.Build.0 = Release|Win32
		{F84D9665-8501-43F3-B23A-92805EC92AA7}.Debug|x64.ActiveCfg = Debug|x64
		{F84D9665-8501-43F3-B23A-92805EC92AA7}.Debug|x64.Build.0 = Debug|x64
		{F84D9665-8501-43F3-B23A-92805EC92AA7}.Debug|x86.ActiveCfg = Debug|Win32
		{F84D9665-8501-43F3-B23A-92805EC92AA7}.Debug|x86.Build.0 = Debug|Win32
		{F84D9665-8501-43F3-B23A-92805EC92AA7}.Release|x64.ActiveCfg = Release|x64
		{F84D9665-8501-43F3-B23A-92805EC92AA7}.Release|x64.Build.0 = Release|x64
		{F84D9665-8501-43F3-B23A-92805EC92AA7}.Release|x86.ActiveCfg = Release|Win32
		{F84D9665-8501-43F3-B23A-92805EC92AA7}.Release|x86.Build.0 = Release|Win32
	EndGlobalSection
	GlobalSection(SolutionProperties) = preSolution
		HideSolutionNode = FALSE
	EndGlobalSection
	GlobalSection(ExtensibilityGlobals) = postSolution
		SolutionGuid = {E220337E-9907-452C-9FF0-91D89BA4CCA6}
	EndGlobalSection
EndGlobal
